
Microsoft Visual Studio Solution File, Format Version 12.00
# Visual Studio Version 17
VisualStudioVersion = 17.3.32825.248
MinimumVisualStudioVersion = 10.0.40219.1
Project("{9A19103F-16F7-4668-BE54-9A1E7A4F7556}") = "IoC.Net.Abstractions", "src\libraries\IoC.Net.Abstractions\src\IoC.Net.Abstractions.csproj", "{4C6A41D0-85CE-407D-AD5A-5A60ED442C79}"
EndProject
Project("{9A19103F-16F7-4668-BE54-9A1E7A4F7556}") = "IoC.Net.ServiceProvider", "src\libraries\IoC.Net.ServiceProvider\src\IoC.Net.ServiceProvider.csproj", "{94A23930-8161-4A69-8DC0-773BD8292421}"
EndProject
Project("{9A19103F-16F7-4668-BE54-9A1E7A4F7556}") = "IoC.Net.ServiceProvider.Tests", "src\libraries\IoC.Net.ServiceProvider\tests\IoC.Net.ServiceProvider.Tests.csproj", "{CB15A141-6067-4A02-83A9-9703989B8F4B}"
EndProject
Project("{2150E333-8FDC-42A3-9474-1A3956D46DE8}") = "tests", "tests", "{04AA72E6-F299-4A2D-9945-6D83D9A84D26}"
EndProject
Project("{2150E333-8FDC-42A3-9474-1A3956D46DE8}") = "src", "src", "{08319C4E-B91F-41E3-B188-E23E7A6F649F}"
EndProject
Global
	GlobalSection(SolutionConfigurationPlatforms) = preSolution
		Debug|Any CPU = Debug|Any CPU
		Release|Any CPU = Release|Any CPU
	EndGlobalSection
	GlobalSection(ProjectConfigurationPlatforms) = postSolution
		{4C6A41D0-85CE-407D-AD5A-5A60ED442C79}.Debug|Any CPU.ActiveCfg = Debug|Any CPU
		{4C6A41D0-85CE-407D-AD5A-5A60ED442C79}.Debug|Any CPU.Build.0 = Debug|Any CPU
		{4C6A41D0-85CE-407D-AD5A-5A60ED442C79}.Release|Any CPU.ActiveCfg = Release|Any CPU
		{4C6A41D0-85CE-407D-AD5A-5A60ED442C79}.Release|Any CPU.Build.0 = Release|Any CPU
		{94A23930-8161-4A69-8DC0-773BD8292421}.Debug|Any CPU.ActiveCfg = Debug|Any CPU
		{94A23930-8161-4A69-8DC0-773BD8292421}.Debug|Any CPU.Build.0 = Debug|Any CPU
		{94A23930-8161-4A69-8DC0-773BD8292421}.Release|Any CPU.ActiveCfg = Release|Any CPU
		{94A23930-8161-4A69-8DC0-773BD8292421}.Release|Any CPU.Build.0 = Release|Any CPU
		{CB15A141-6067-4A02-83A9-9703989B8F4B}.Debug|Any CPU.ActiveCfg = Debug|Any CPU
		{CB15A141-6067-4A02-83A9-9703989B8F4B}.Debug|Any CPU.Build.0 = Debug|Any CPU
		{CB15A141-6067-4A02-83A9-9703989B8F4B}.Release|Any CPU.ActiveCfg = Release|Any CPU
		{CB15A141-6067-4A02-83A9-9703989B8F4B}.Release|Any CPU.Build.0 = Release|Any CPU
	EndGlobalSection
	GlobalSection(SolutionProperties) = preSolution
		HideSolutionNode = FALSE
	EndGlobalSection
	GlobalSection(NestedProjects) = preSolution
		{4C6A41D0-85CE-407D-AD5A-5A60ED442C79} = {08319C4E-B91F-41E3-B188-E23E7A6F649F}
		{94A23930-8161-4A69-8DC0-773BD8292421} = {08319C4E-B91F-41E3-B188-E23E7A6F649F}
		{CB15A141-6067-4A02-83A9-9703989B8F4B} = {04AA72E6-F299-4A2D-9945-6D83D9A84D26}
	EndGlobalSection
	GlobalSection(ExtensibilityGlobals) = postSolution
		SolutionGuid = {F1CAD362-4438-456A-ADF8-9EE6042DF0EA}
	EndGlobalSection
EndGlobal
