
Microsoft Visual Studio Solution File, Format Version 12.00
# Visual Studio Version 17
VisualStudioVersion = 17.3.32825.248
MinimumVisualStudioVersion = 10.0.40219.1
Project("{9A19103F-16F7-4668-BE54-9A1E7A4F7556}") = "IoC.DependencyInjection.Abstractions", "src\IoC.DependencyInjection.Abstractions.csproj", "{530A4CE4-10FF-4799-9AF4-032F00182607}"
EndProject
Project("{9A19103F-16F7-4668-BE54-9A1E7A4F7556}") = "IoC.DependencyInjection.Abstractions.Tests", "tests\IoC.DependencyInjection.Abstractions.Tests.csproj", "{6B931D14-4F19-4AEB-8BDD-BEDCC86ECDCA}"
EndProject
Global
	GlobalSection(SolutionConfigurationPlatforms) = preSolution
		Debug|Any CPU = Debug|Any CPU
		Release|Any CPU = Release|Any CPU
	EndGlobalSection
	GlobalSection(ProjectConfigurationPlatforms) = postSolution
		{530A4CE4-10FF-4799-9AF4-032F00182607}.Debug|Any CPU.ActiveCfg = Debug|Any CPU
		{530A4CE4-10FF-4799-9AF4-032F00182607}.Debug|Any CPU.Build.0 = Debug|Any CPU
		{530A4CE4-10FF-4799-9AF4-032F00182607}.Release|Any CPU.ActiveCfg = Release|Any CPU
		{530A4CE4-10FF-4799-9AF4-032F00182607}.Release|Any CPU.Build.0 = Release|Any CPU
		{6B931D14-4F19-4AEB-8BDD-BEDCC86ECDCA}.Debug|Any CPU.ActiveCfg = Debug|Any CPU
		{6B931D14-4F19-4AEB-8BDD-BEDCC86ECDCA}.Debug|Any CPU.Build.0 = Debug|Any CPU
		{6B931D14-4F19-4AEB-8BDD-BEDCC86ECDCA}.Release|Any CPU.ActiveCfg = Release|Any CPU
		{6B931D14-4F19-4AEB-8BDD-BEDCC86ECDCA}.Release|Any CPU.Build.0 = Release|Any CPU
	EndGlobalSection
	GlobalSection(SolutionProperties) = preSolution
		HideSolutionNode = FALSE
	EndGlobalSection
	GlobalSection(ExtensibilityGlobals) = postSolution
		SolutionGuid = {F1CAD362-4438-456A-ADF8-9EE6042DF0EA}
	EndGlobalSection
EndGlobal
